
Microsoft Visual Studio Solution File, Format Version 12.00
# Visual Studio 15
VisualStudioVersion = 15.0.28010.2036
MinimumVisualStudioVersion = 10.0.40219.1
Project("{888888A0-9F3D-457C-B088-3A5042F75D52}") = "OptionPricingCalculator", "OptionPricingCalculator.pyproj", "{20AE95EF-3EFA-4B1C-9A21-1A02AB913BA7}"
EndProject
Global
	GlobalSection(SolutionConfigurationPlatforms) = preSolution
		Debug|Any CPU = Debug|Any CPU
		Release|Any CPU = Release|Any CPU
	EndGlobalSection
	GlobalSection(ProjectConfigurationPlatforms) = postSolution
		{20AE95EF-3EFA-4B1C-9A21-1A02AB913BA7}.Debug|Any CPU.ActiveCfg = Debug|Any CPU
		{20AE95EF-3EFA-4B1C-9A21-1A02AB913BA7}.Release|Any CPU.ActiveCfg = Release|Any CPU
	EndGlobalSection
	GlobalSection(SolutionProperties) = preSolution
		HideSolutionNode = FALSE
	EndGlobalSection
	GlobalSection(ExtensibilityGlobals) = postSolution
		SolutionGuid = {8C932265-8195-43E7-9E5A-2BE7FE782DFC}
	EndGlobalSection
EndGlobal
